
Microsoft Visual Studio Solution File, Format Version 10.00
# Visual C++ Express 2008
Project("{8BC9CEB8-8B4A-11D0-8D11-00A0C91BC942}") = "a07snippets", "a07snippets\a07snippets.vcproj", "{538751CE-B791-471C-AC66-82D765960E16}"
EndProject
Global
	GlobalSection(SolutionConfigurationPlatforms) = preSolution
		Debug|Win32 = Debug|Win32
		Release|Win32 = Release|Win32
	EndGlobalSection
	GlobalSection(ProjectConfigurationPlatforms) = postSolution
		{538751CE-B791-471C-AC66-82D765960E16}.Debug|Win32.ActiveCfg = Debug|Win32
		{538751CE-B791-471C-AC66-82D765960E16}.Debug|Win32.Build.0 = Debug|Win32
		{538751CE-B791-471C-AC66-82D765960E16}.Release|Win32.ActiveCfg = Release|Win32
		{538751CE-B791-471C-AC66-82D765960E16}.Release|Win32.Build.0 = Release|Win32
	EndGlobalSection
	GlobalSection(SolutionProperties) = preSolution
		HideSolutionNode = FALSE
	EndGlobalSection
EndGlobal
