
Microsoft Visual Studio Solution File, Format Version 10.00
# Visual C++ Express 2008
Project("{8BC9CEB8-8B4A-11D0-8D11-00A0C91BC942}") = "ch10_11_testing", "ch10_11_testing\ch10_11_testing.vcproj", "{1BCE68D7-B1D3-4C3E-87D9-4F27001009C6}"
EndProject
Global
	GlobalSection(SolutionConfigurationPlatforms) = preSolution
		Debug|Win32 = Debug|Win32
		Release|Win32 = Release|Win32
	EndGlobalSection
	GlobalSection(ProjectConfigurationPlatforms) = postSolution
		{1BCE68D7-B1D3-4C3E-87D9-4F27001009C6}.Debug|Win32.ActiveCfg = Debug|Win32
		{1BCE68D7-B1D3-4C3E-87D9-4F27001009C6}.Debug|Win32.Build.0 = Debug|Win32
		{1BCE68D7-B1D3-4C3E-87D9-4F27001009C6}.Release|Win32.ActiveCfg = Release|Win32
		{1BCE68D7-B1D3-4C3E-87D9-4F27001009C6}.Release|Win32.Build.0 = Release|Win32
	EndGlobalSection
	GlobalSection(SolutionProperties) = preSolution
		HideSolutionNode = FALSE
	EndGlobalSection
EndGlobal
