
Microsoft Visual Studio Solution File, Format Version 10.00
# Visual C++ Express 2008
Project("{8BC9CEB8-8B4A-11D0-8D11-00A0C91BC942}") = "a07_functions", "a07_functions\a07_functions.vcproj", "{021BAF35-2CCA-419A-8CF1-B402D1874304}"
EndProject
Global
	GlobalSection(SolutionConfigurationPlatforms) = preSolution
		Debug|Win32 = Debug|Win32
		Release|Win32 = Release|Win32
	EndGlobalSection
	GlobalSection(ProjectConfigurationPlatforms) = postSolution
		{021BAF35-2CCA-419A-8CF1-B402D1874304}.Debug|Win32.ActiveCfg = Debug|Win32
		{021BAF35-2CCA-419A-8CF1-B402D1874304}.Debug|Win32.Build.0 = Debug|Win32
		{021BAF35-2CCA-419A-8CF1-B402D1874304}.Release|Win32.ActiveCfg = Release|Win32
		{021BAF35-2CCA-419A-8CF1-B402D1874304}.Release|Win32.Build.0 = Release|Win32
	EndGlobalSection
	GlobalSection(SolutionProperties) = preSolution
		HideSolutionNode = FALSE
	EndGlobalSection
EndGlobal
