
Microsoft Visual Studio Solution File, Format Version 10.00
# Visual C++ Express 2008
Project("{8BC9CEB8-8B4A-11D0-8D11-00A0C91BC942}") = "chapter6Lectures", "chapter6Lectures\chapter6Lectures.vcproj", "{6AB86F7E-94D6-4FC9-90F9-F1DF1785F1F7}"
EndProject
Global
	GlobalSection(SolutionConfigurationPlatforms) = preSolution
		Debug|Win32 = Debug|Win32
		Release|Win32 = Release|Win32
	EndGlobalSection
	GlobalSection(ProjectConfigurationPlatforms) = postSolution
		{6AB86F7E-94D6-4FC9-90F9-F1DF1785F1F7}.Debug|Win32.ActiveCfg = Debug|Win32
		{6AB86F7E-94D6-4FC9-90F9-F1DF1785F1F7}.Debug|Win32.Build.0 = Debug|Win32
		{6AB86F7E-94D6-4FC9-90F9-F1DF1785F1F7}.Release|Win32.ActiveCfg = Release|Win32
		{6AB86F7E-94D6-4FC9-90F9-F1DF1785F1F7}.Release|Win32.Build.0 = Release|Win32
	EndGlobalSection
	GlobalSection(SolutionProperties) = preSolution
		HideSolutionNode = FALSE
	EndGlobalSection
EndGlobal
