
Microsoft Visual Studio Solution File, Format Version 10.00
# Visual C++ Express 2008
Project("{8BC9CEB8-8B4A-11D0-8D11-00A0C91BC942}") = "ch8_9testing", "ch8_9testing\ch8_9testing.vcproj", "{1F5A7806-D307-4F27-8091-2765E13B5641}"
EndProject
Global
	GlobalSection(SolutionConfigurationPlatforms) = preSolution
		Debug|Win32 = Debug|Win32
		Release|Win32 = Release|Win32
	EndGlobalSection
	GlobalSection(ProjectConfigurationPlatforms) = postSolution
		{1F5A7806-D307-4F27-8091-2765E13B5641}.Debug|Win32.ActiveCfg = Debug|Win32
		{1F5A7806-D307-4F27-8091-2765E13B5641}.Debug|Win32.Build.0 = Debug|Win32
		{1F5A7806-D307-4F27-8091-2765E13B5641}.Release|Win32.ActiveCfg = Release|Win32
		{1F5A7806-D307-4F27-8091-2765E13B5641}.Release|Win32.Build.0 = Release|Win32
	EndGlobalSection
	GlobalSection(SolutionProperties) = preSolution
		HideSolutionNode = FALSE
	EndGlobalSection
EndGlobal
