
Microsoft Visual Studio Solution File, Format Version 12.00
# Visual Studio 2012
Project("{FAE04EC0-301F-11D3-BF4B-00C04F79EFBC}") = "Web Browser Tutorial", "Web Browser Tutorial\Web Browser Tutorial.csproj", "{7E362B82-8116-486C-BA4E-B5BC614B0E75}"
EndProject
Global
	GlobalSection(SolutionConfigurationPlatforms) = preSolution
		Debug|Any CPU = Debug|Any CPU
		Release|Any CPU = Release|Any CPU
	EndGlobalSection
	GlobalSection(ProjectConfigurationPlatforms) = postSolution
		{7E362B82-8116-486C-BA4E-B5BC614B0E75}.Debug|Any CPU.ActiveCfg = Debug|Any CPU
		{7E362B82-8116-486C-BA4E-B5BC614B0E75}.Debug|Any CPU.Build.0 = Debug|Any CPU
		{7E362B82-8116-486C-BA4E-B5BC614B0E75}.Release|Any CPU.ActiveCfg = Release|Any CPU
		{7E362B82-8116-486C-BA4E-B5BC614B0E75}.Release|Any CPU.Build.0 = Release|Any CPU
	EndGlobalSection
	GlobalSection(SolutionProperties) = preSolution
		HideSolutionNode = FALSE
	EndGlobalSection
EndGlobal
